
Microsoft Visual Studio Solution File, Format Version 12.00
# Visual Studio Version 17
VisualStudioVersion = 17.3.32929.385
MinimumVisualStudioVersion = 10.0.40219.1
Project("{9A19103F-16F7-4668-BE54-9A1E7A4F7556}") = "Ejercicio_01", "Ejercicio_01\Ejercicio_01.csproj", "{0011991D-0D3E-41E8-AF8B-063E70B1BFA0}"
EndProject
Project("{9A19103F-16F7-4668-BE54-9A1E7A4F7556}") = "Ejercicio_02", "Ejercicio_02\Ejercicio_02.csproj", "{24E03403-77D8-4183-A070-5C2188520EF4}"
EndProject
Project("{9A19103F-16F7-4668-BE54-9A1E7A4F7556}") = "Ejercicio_03", "Ejercicio_03\Ejercicio_03.csproj", "{20F53590-16DB-42F0-8FD8-D65864585AE7}"
EndProject
Project("{9A19103F-16F7-4668-BE54-9A1E7A4F7556}") = "Ejercicio_04", "Ejercicio_04\Ejercicio_04.csproj", "{A987C913-5C24-4646-8071-317AC8CB3B7F}"
EndProject
Project("{9A19103F-16F7-4668-BE54-9A1E7A4F7556}") = "Ejercicio_05", "Ejercicio_05\Ejercicio_05.csproj", "{D79F49D2-76BE-42F4-A75F-934DADB41518}"
EndProject
Project("{9A19103F-16F7-4668-BE54-9A1E7A4F7556}") = "Ejercicio_06", "Ejercicio_06\Ejercicio_06.csproj", "{8BE52D15-85B1-460A-9DC7-A91890133F8A}"
EndProject
Project("{9A19103F-16F7-4668-BE54-9A1E7A4F7556}") = "Ejercicio_07", "Ejercicio_07\Ejercicio_07.csproj", "{4FAE3C4C-C5CA-425E-97F2-475369D0F6FC}"
EndProject
Project("{9A19103F-16F7-4668-BE54-9A1E7A4F7556}") = "Ejercicio_08", "Ejercicio_08\Ejercicio_08.csproj", "{3CEF343A-A62E-45AA-8C93-ADB14165A46F}"
EndProject
Project("{9A19103F-16F7-4668-BE54-9A1E7A4F7556}") = "Ejercicio_09", "Ejercicio_09\Ejercicio_09.csproj", "{984D151D-C3CF-4D8C-A5D2-1BD04A5275E8}"
EndProject
Project("{9A19103F-16F7-4668-BE54-9A1E7A4F7556}") = "Ejercicio_10", "Ejercicio_10\Ejercicio_10.csproj", "{803DD529-3BE8-4F48-8C78-D3CEC0D8DC35}"
EndProject
Project("{9A19103F-16F7-4668-BE54-9A1E7A4F7556}") = "Ejercicio_11", "Ejercicio_11\Ejercicio_11.csproj", "{477E13A3-7106-48D5-B7D5-A6868B76D3E6}"
EndProject
Project("{9A19103F-16F7-4668-BE54-9A1E7A4F7556}") = "Ejemplo_12", "Ejemplo_12\Ejemplo_12.csproj", "{D144C979-6EBE-4F15-8E35-1EB4734A6E40}"
EndProject
Project("{9A19103F-16F7-4668-BE54-9A1E7A4F7556}") = "Ejercicio_13", "Ejercicio_13\Ejercicio_13.csproj", "{BF9DE682-F2F3-421D-AF85-172260C9E3F3}"
EndProject
Project("{9A19103F-16F7-4668-BE54-9A1E7A4F7556}") = "Ejercicio_14", "Ejercicio_14\Ejercicio_14.csproj", "{CB76372B-8A3C-41D6-94E6-3D3006712B06}"
EndProject
Project("{9A19103F-16F7-4668-BE54-9A1E7A4F7556}") = "Ejercicio_15", "Ejercicio_15\Ejercicio_15.csproj", "{F53D4996-3DD5-4A7B-8B9C-380FBBA824F2}"
EndProject
Project("{9A19103F-16F7-4668-BE54-9A1E7A4F7556}") = "Ejercicio_16", "Ejercicio_16\Ejercicio_16.csproj", "{383D1B63-2AC8-403F-BB5D-C3EACDB28F37}"
EndProject
Project("{9A19103F-16F7-4668-BE54-9A1E7A4F7556}") = "Ejercicio_17", "Ejercicio_17\Ejercicio_17.csproj", "{88E7A076-3711-468F-A3E0-E7FBB05694BB}"
EndProject
Project("{9A19103F-16F7-4668-BE54-9A1E7A4F7556}") = "Ejercicio_18", "Ejercicio_18\Ejercicio_18.csproj", "{5FF5585F-27AB-49D8-BB0A-471086C998F0}"
EndProject
Project("{9A19103F-16F7-4668-BE54-9A1E7A4F7556}") = "Ejercicio_19", "Ejercicio_19\Ejercicio_19.csproj", "{1C77EF7D-E32D-4424-AB00-BE580A372CD4}"
EndProject
Project("{9A19103F-16F7-4668-BE54-9A1E7A4F7556}") = "Ejercicio_20", "Ejercicio_20\Ejercicio_20.csproj", "{20390712-93E6-45F6-A1A9-B42B83D44896}"
EndProject
Project("{9A19103F-16F7-4668-BE54-9A1E7A4F7556}") = "Ejercicio_21", "Ejercicio_21\Ejercicio_21.csproj", "{289EA5A1-B98C-4714-A14B-904B7536785C}"
EndProject
Project("{9A19103F-16F7-4668-BE54-9A1E7A4F7556}") = "Ejercicio_22", "Ejercicio_22\Ejercicio_22.csproj", "{8B921DDE-6282-4E68-8042-28FD16340B2A}"
EndProject
Project("{9A19103F-16F7-4668-BE54-9A1E7A4F7556}") = "Ejercicio_23", "Ejercicio_23\Ejercicio_23.csproj", "{232E6FCB-BF62-48DD-ADAF-50F499E1C557}"
EndProject
Project("{9A19103F-16F7-4668-BE54-9A1E7A4F7556}") = "Ejercicio_24", "Ejercicio_24\Ejercicio_24.csproj", "{31ECF55C-866B-4FDD-8280-C15D5E986113}"
EndProject
Project("{9A19103F-16F7-4668-BE54-9A1E7A4F7556}") = "Ejercicio_25", "Ejercicio_25\Ejercicio_25.csproj", "{641A29DA-DE5D-4000-B716-5C61FEB483E7}"
EndProject
Project("{9A19103F-16F7-4668-BE54-9A1E7A4F7556}") = "Ejercicio_26", "Ejercicio_26\Ejercicio_26.csproj", "{BC505CE9-FA07-422B-9FB5-5BEF1F66CF82}"
EndProject
Project("{9A19103F-16F7-4668-BE54-9A1E7A4F7556}") = "Ejercicio_27", "Ejercicio_27\Ejercicio_27.csproj", "{0EC2BA31-0877-416F-8688-9216201735C3}"
EndProject
Project("{9A19103F-16F7-4668-BE54-9A1E7A4F7556}") = "Ejercicio_28", "Ejercicio_28\Ejercicio_28.csproj", "{5E24004C-B754-4565-922F-E3E93A07D46E}"
EndProject
Project("{FAE04EC0-301F-11D3-BF4B-00C04F79EFBC}") = "Ejercicio_29", "Ejercicio_29\Ejercicio_29.csproj", "{93AC1418-EA76-496F-AE17-087549FE3D13}"
EndProject
Project("{FAE04EC0-301F-11D3-BF4B-00C04F79EFBC}") = "Ejercicio_30", "Ejercicio_30\Ejercicio_30.csproj", "{918090B9-8A99-4E42-8BDC-30C8ADCD0EDC}"
EndProject
Project("{FAE04EC0-301F-11D3-BF4B-00C04F79EFBC}") = "Ejercicio_31", "Ejercicio_31\Ejercicio_31.csproj", "{B30A6FE3-A8AD-4B61-A043-D412A3D18968}"
EndProject
Global
	GlobalSection(SolutionConfigurationPlatforms) = preSolution
		Debug|Any CPU = Debug|Any CPU
		Release|Any CPU = Release|Any CPU
	EndGlobalSection
	GlobalSection(ProjectConfigurationPlatforms) = postSolution
		{0011991D-0D3E-41E8-AF8B-063E70B1BFA0}.Debug|Any CPU.ActiveCfg = Debug|Any CPU
		{0011991D-0D3E-41E8-AF8B-063E70B1BFA0}.Debug|Any CPU.Build.0 = Debug|Any CPU
		{0011991D-0D3E-41E8-AF8B-063E70B1BFA0}.Release|Any CPU.ActiveCfg = Release|Any CPU
		{0011991D-0D3E-41E8-AF8B-063E70B1BFA0}.Release|Any CPU.Build.0 = Release|Any CPU
		{24E03403-77D8-4183-A070-5C2188520EF4}.Debug|Any CPU.ActiveCfg = Debug|Any CPU
		{24E03403-77D8-4183-A070-5C2188520EF4}.Debug|Any CPU.Build.0 = Debug|Any CPU
		{24E03403-77D8-4183-A070-5C2188520EF4}.Release|Any CPU.ActiveCfg = Release|Any CPU
		{24E03403-77D8-4183-A070-5C2188520EF4}.Release|Any CPU.Build.0 = Release|Any CPU
		{20F53590-16DB-42F0-8FD8-D65864585AE7}.Debug|Any CPU.ActiveCfg = Debug|Any CPU
		{20F53590-16DB-42F0-8FD8-D65864585AE7}.Debug|Any CPU.Build.0 = Debug|Any CPU
		{20F53590-16DB-42F0-8FD8-D65864585AE7}.Release|Any CPU.ActiveCfg = Release|Any CPU
		{20F53590-16DB-42F0-8FD8-D65864585AE7}.Release|Any CPU.Build.0 = Release|Any CPU
		{A987C913-5C24-4646-8071-317AC8CB3B7F}.Debug|Any CPU.ActiveCfg = Debug|Any CPU
		{A987C913-5C24-4646-8071-317AC8CB3B7F}.Debug|Any CPU.Build.0 = Debug|Any CPU
		{A987C913-5C24-4646-8071-317AC8CB3B7F}.Release|Any CPU.ActiveCfg = Release|Any CPU
		{A987C913-5C24-4646-8071-317AC8CB3B7F}.Release|Any CPU.Build.0 = Release|Any CPU
		{D79F49D2-76BE-42F4-A75F-934DADB41518}.Debug|Any CPU.ActiveCfg = Debug|Any CPU
		{D79F49D2-76BE-42F4-A75F-934DADB41518}.Debug|Any CPU.Build.0 = Debug|Any CPU
		{D79F49D2-76BE-42F4-A75F-934DADB41518}.Release|Any CPU.ActiveCfg = Release|Any CPU
		{D79F49D2-76BE-42F4-A75F-934DADB41518}.Release|Any CPU.Build.0 = Release|Any CPU
		{8BE52D15-85B1-460A-9DC7-A91890133F8A}.Debug|Any CPU.ActiveCfg = Debug|Any CPU
		{8BE52D15-85B1-460A-9DC7-A91890133F8A}.Debug|Any CPU.Build.0 = Debug|Any CPU
		{8BE52D15-85B1-460A-9DC7-A91890133F8A}.Release|Any CPU.ActiveCfg = Release|Any CPU
		{8BE52D15-85B1-460A-9DC7-A91890133F8A}.Release|Any CPU.Build.0 = Release|Any CPU
		{4FAE3C4C-C5CA-425E-97F2-475369D0F6FC}.Debug|Any CPU.ActiveCfg = Debug|Any CPU
		{4FAE3C4C-C5CA-425E-97F2-475369D0F6FC}.Debug|Any CPU.Build.0 = Debug|Any CPU
		{4FAE3C4C-C5CA-425E-97F2-475369D0F6FC}.Release|Any CPU.ActiveCfg = Release|Any CPU
		{4FAE3C4C-C5CA-425E-97F2-475369D0F6FC}.Release|Any CPU.Build.0 = Release|Any CPU
		{3CEF343A-A62E-45AA-8C93-ADB14165A46F}.Debug|Any CPU.ActiveCfg = Debug|Any CPU
		{3CEF343A-A62E-45AA-8C93-ADB14165A46F}.Debug|Any CPU.Build.0 = Debug|Any CPU
		{3CEF343A-A62E-45AA-8C93-ADB14165A46F}.Release|Any CPU.ActiveCfg = Release|Any CPU
		{3CEF343A-A62E-45AA-8C93-ADB14165A46F}.Release|Any CPU.Build.0 = Release|Any CPU
		{984D151D-C3CF-4D8C-A5D2-1BD04A5275E8}.Debug|Any CPU.ActiveCfg = Debug|Any CPU
		{984D151D-C3CF-4D8C-A5D2-1BD04A5275E8}.Debug|Any CPU.Build.0 = Debug|Any CPU
		{984D151D-C3CF-4D8C-A5D2-1BD04A5275E8}.Release|Any CPU.ActiveCfg = Release|Any CPU
		{984D151D-C3CF-4D8C-A5D2-1BD04A5275E8}.Release|Any CPU.Build.0 = Release|Any CPU
		{803DD529-3BE8-4F48-8C78-D3CEC0D8DC35}.Debug|Any CPU.ActiveCfg = Debug|Any CPU
		{803DD529-3BE8-4F48-8C78-D3CEC0D8DC35}.Debug|Any CPU.Build.0 = Debug|Any CPU
		{803DD529-3BE8-4F48-8C78-D3CEC0D8DC35}.Release|Any CPU.ActiveCfg = Release|Any CPU
		{803DD529-3BE8-4F48-8C78-D3CEC0D8DC35}.Release|Any CPU.Build.0 = Release|Any CPU
		{477E13A3-7106-48D5-B7D5-A6868B76D3E6}.Debug|Any CPU.ActiveCfg = Debug|Any CPU
		{477E13A3-7106-48D5-B7D5-A6868B76D3E6}.Debug|Any CPU.Build.0 = Debug|Any CPU
		{477E13A3-7106-48D5-B7D5-A6868B76D3E6}.Release|Any CPU.ActiveCfg = Release|Any CPU
		{477E13A3-7106-48D5-B7D5-A6868B76D3E6}.Release|Any CPU.Build.0 = Release|Any CPU
		{D144C979-6EBE-4F15-8E35-1EB4734A6E40}.Debug|Any CPU.ActiveCfg = Debug|Any CPU
		{D144C979-6EBE-4F15-8E35-1EB4734A6E40}.Debug|Any CPU.Build.0 = Debug|Any CPU
		{D144C979-6EBE-4F15-8E35-1EB4734A6E40}.Release|Any CPU.ActiveCfg = Release|Any CPU
		{D144C979-6EBE-4F15-8E35-1EB4734A6E40}.Release|Any CPU.Build.0 = Release|Any CPU
		{BF9DE682-F2F3-421D-AF85-172260C9E3F3}.Debug|Any CPU.ActiveCfg = Debug|Any CPU
		{BF9DE682-F2F3-421D-AF85-172260C9E3F3}.Debug|Any CPU.Build.0 = Debug|Any CPU
		{BF9DE682-F2F3-421D-AF85-172260C9E3F3}.Release|Any CPU.ActiveCfg = Release|Any CPU
		{BF9DE682-F2F3-421D-AF85-172260C9E3F3}.Release|Any CPU.Build.0 = Release|Any CPU
		{CB76372B-8A3C-41D6-94E6-3D3006712B06}.Debug|Any CPU.ActiveCfg = Debug|Any CPU
		{CB76372B-8A3C-41D6-94E6-3D3006712B06}.Debug|Any CPU.Build.0 = Debug|Any CPU
		{CB76372B-8A3C-41D6-94E6-3D3006712B06}.Release|Any CPU.ActiveCfg = Release|Any CPU
		{CB76372B-8A3C-41D6-94E6-3D3006712B06}.Release|Any CPU.Build.0 = Release|Any CPU
		{F53D4996-3DD5-4A7B-8B9C-380FBBA824F2}.Debug|Any CPU.ActiveCfg = Debug|Any CPU
		{F53D4996-3DD5-4A7B-8B9C-380FBBA824F2}.Debug|Any CPU.Build.0 = Debug|Any CPU
		{F53D4996-3DD5-4A7B-8B9C-380FBBA824F2}.Release|Any CPU.ActiveCfg = Release|Any CPU
		{F53D4996-3DD5-4A7B-8B9C-380FBBA824F2}.Release|Any CPU.Build.0 = Release|Any CPU
		{383D1B63-2AC8-403F-BB5D-C3EACDB28F37}.Debug|Any CPU.ActiveCfg = Debug|Any CPU
		{383D1B63-2AC8-403F-BB5D-C3EACDB28F37}.Debug|Any CPU.Build.0 = Debug|Any CPU
		{383D1B63-2AC8-403F-BB5D-C3EACDB28F37}.Release|Any CPU.ActiveCfg = Release|Any CPU
		{383D1B63-2AC8-403F-BB5D-C3EACDB28F37}.Release|Any CPU.Build.0 = Release|Any CPU
		{88E7A076-3711-468F-A3E0-E7FBB05694BB}.Debug|Any CPU.ActiveCfg = Debug|Any CPU
		{88E7A076-3711-468F-A3E0-E7FBB05694BB}.Debug|Any CPU.Build.0 = Debug|Any CPU
		{88E7A076-3711-468F-A3E0-E7FBB05694BB}.Release|Any CPU.ActiveCfg = Release|Any CPU
		{88E7A076-3711-468F-A3E0-E7FBB05694BB}.Release|Any CPU.Build.0 = Release|Any CPU
		{5FF5585F-27AB-49D8-BB0A-471086C998F0}.Debug|Any CPU.ActiveCfg = Debug|Any CPU
		{5FF5585F-27AB-49D8-BB0A-471086C998F0}.Debug|Any CPU.Build.0 = Debug|Any CPU
		{5FF5585F-27AB-49D8-BB0A-471086C998F0}.Release|Any CPU.ActiveCfg = Release|Any CPU
		{5FF5585F-27AB-49D8-BB0A-471086C998F0}.Release|Any CPU.Build.0 = Release|Any CPU
		{1C77EF7D-E32D-4424-AB00-BE580A372CD4}.Debug|Any CPU.ActiveCfg = Debug|Any CPU
		{1C77EF7D-E32D-4424-AB00-BE580A372CD4}.Debug|Any CPU.Build.0 = Debug|Any CPU
		{1C77EF7D-E32D-4424-AB00-BE580A372CD4}.Release|Any CPU.ActiveCfg = Release|Any CPU
		{1C77EF7D-E32D-4424-AB00-BE580A372CD4}.Release|Any CPU.Build.0 = Release|Any CPU
		{20390712-93E6-45F6-A1A9-B42B83D44896}.Debug|Any CPU.ActiveCfg = Debug|Any CPU
		{20390712-93E6-45F6-A1A9-B42B83D44896}.Debug|Any CPU.Build.0 = Debug|Any CPU
		{20390712-93E6-45F6-A1A9-B42B83D44896}.Release|Any CPU.ActiveCfg = Release|Any CPU
		{20390712-93E6-45F6-A1A9-B42B83D44896}.Release|Any CPU.Build.0 = Release|Any CPU
		{289EA5A1-B98C-4714-A14B-904B7536785C}.Debug|Any CPU.ActiveCfg = Debug|Any CPU
		{289EA5A1-B98C-4714-A14B-904B7536785C}.Debug|Any CPU.Build.0 = Debug|Any CPU
		{289EA5A1-B98C-4714-A14B-904B7536785C}.Release|Any CPU.ActiveCfg = Release|Any CPU
		{289EA5A1-B98C-4714-A14B-904B7536785C}.Release|Any CPU.Build.0 = Release|Any CPU
		{8B921DDE-6282-4E68-8042-28FD16340B2A}.Debug|Any CPU.ActiveCfg = Debug|Any CPU
		{8B921DDE-6282-4E68-8042-28FD16340B2A}.Debug|Any CPU.Build.0 = Debug|Any CPU
		{8B921DDE-6282-4E68-8042-28FD16340B2A}.Release|Any CPU.ActiveCfg = Release|Any CPU
		{8B921DDE-6282-4E68-8042-28FD16340B2A}.Release|Any CPU.Build.0 = Release|Any CPU
		{232E6FCB-BF62-48DD-ADAF-50F499E1C557}.Debug|Any CPU.ActiveCfg = Debug|Any CPU
		{232E6FCB-BF62-48DD-ADAF-50F499E1C557}.Debug|Any CPU.Build.0 = Debug|Any CPU
		{232E6FCB-BF62-48DD-ADAF-50F499E1C557}.Release|Any CPU.ActiveCfg = Release|Any CPU
		{232E6FCB-BF62-48DD-ADAF-50F499E1C557}.Release|Any CPU.Build.0 = Release|Any CPU
		{31ECF55C-866B-4FDD-8280-C15D5E986113}.Debug|Any CPU.ActiveCfg = Debug|Any CPU
		{31ECF55C-866B-4FDD-8280-C15D5E986113}.Debug|Any CPU.Build.0 = Debug|Any CPU
		{31ECF55C-866B-4FDD-8280-C15D5E986113}.Release|Any CPU.ActiveCfg = Release|Any CPU
		{31ECF55C-866B-4FDD-8280-C15D5E986113}.Release|Any CPU.Build.0 = Release|Any CPU
		{641A29DA-DE5D-4000-B716-5C61FEB483E7}.Debug|Any CPU.ActiveCfg = Debug|Any CPU
		{641A29DA-DE5D-4000-B716-5C61FEB483E7}.Debug|Any CPU.Build.0 = Debug|Any CPU
		{641A29DA-DE5D-4000-B716-5C61FEB483E7}.Release|Any CPU.ActiveCfg = Release|Any CPU
		{641A29DA-DE5D-4000-B716-5C61FEB483E7}.Release|Any CPU.Build.0 = Release|Any CPU
		{BC505CE9-FA07-422B-9FB5-5BEF1F66CF82}.Debug|Any CPU.ActiveCfg = Debug|Any CPU
		{BC505CE9-FA07-422B-9FB5-5BEF1F66CF82}.Debug|Any CPU.Build.0 = Debug|Any CPU
		{BC505CE9-FA07-422B-9FB5-5BEF1F66CF82}.Release|Any CPU.ActiveCfg = Release|Any CPU
		{BC505CE9-FA07-422B-9FB5-5BEF1F66CF82}.Release|Any CPU.Build.0 = Release|Any CPU
		{0EC2BA31-0877-416F-8688-9216201735C3}.Debug|Any CPU.ActiveCfg = Debug|Any CPU
		{0EC2BA31-0877-416F-8688-9216201735C3}.Debug|Any CPU.Build.0 = Debug|Any CPU
		{0EC2BA31-0877-416F-8688-9216201735C3}.Release|Any CPU.ActiveCfg = Release|Any CPU
		{0EC2BA31-0877-416F-8688-9216201735C3}.Release|Any CPU.Build.0 = Release|Any CPU
		{5E24004C-B754-4565-922F-E3E93A07D46E}.Debug|Any CPU.ActiveCfg = Debug|Any CPU
		{5E24004C-B754-4565-922F-E3E93A07D46E}.Debug|Any CPU.Build.0 = Debug|Any CPU
		{5E24004C-B754-4565-922F-E3E93A07D46E}.Release|Any CPU.ActiveCfg = Release|Any CPU
		{5E24004C-B754-4565-922F-E3E93A07D46E}.Release|Any CPU.Build.0 = Release|Any CPU
		{93AC1418-EA76-496F-AE17-087549FE3D13}.Debug|Any CPU.ActiveCfg = Debug|Any CPU
		{93AC1418-EA76-496F-AE17-087549FE3D13}.Debug|Any CPU.Build.0 = Debug|Any CPU
		{93AC1418-EA76-496F-AE17-087549FE3D13}.Release|Any CPU.ActiveCfg = Release|Any CPU
		{93AC1418-EA76-496F-AE17-087549FE3D13}.Release|Any CPU.Build.0 = Release|Any CPU
		{918090B9-8A99-4E42-8BDC-30C8ADCD0EDC}.Debug|Any CPU.ActiveCfg = Debug|Any CPU
		{918090B9-8A99-4E42-8BDC-30C8ADCD0EDC}.Debug|Any CPU.Build.0 = Debug|Any CPU
		{918090B9-8A99-4E42-8BDC-30C8ADCD0EDC}.Release|Any CPU.ActiveCfg = Release|Any CPU
		{918090B9-8A99-4E42-8BDC-30C8ADCD0EDC}.Release|Any CPU.Build.0 = Release|Any CPU
		{B30A6FE3-A8AD-4B61-A043-D412A3D18968}.Debug|Any CPU.ActiveCfg = Debug|Any CPU
		{B30A6FE3-A8AD-4B61-A043-D412A3D18968}.Debug|Any CPU.Build.0 = Debug|Any CPU
		{B30A6FE3-A8AD-4B61-A043-D412A3D18968}.Release|Any CPU.ActiveCfg = Release|Any CPU
		{B30A6FE3-A8AD-4B61-A043-D412A3D18968}.Release|Any CPU.Build.0 = Release|Any CPU
	EndGlobalSection
	GlobalSection(SolutionProperties) = preSolution
		HideSolutionNode = FALSE
	EndGlobalSection
	GlobalSection(ExtensibilityGlobals) = postSolution
		SolutionGuid = {8B4C6FF9-3C45-4931-A038-F9859C8A3477}
	EndGlobalSection
EndGlobal
